PODS:
  - SGCore (1.0.0):
    - SGCore/SGFunction (= 1.0.0)
    - SGCore/SGMacros (= 1.0.0)
  - SGCore/SGFunction (1.0.0):
    - SGCore/SGMacros
  - SGCore/SGMacros (1.0.0)

DEPENDENCIES:
  - SGCore (from `../`)

EXTERNAL SOURCES:
  SGCore:
    :path: "../"

SPEC CHECKSUMS:
  SGCore: 612efbe8b244dfd47f90c737e34833aacfa7ca8e

PODFILE CHECKSUM: 091eb64b8c647203a8e88f2d18ac181722802ed3

COCOAPODS: 1.7.5
